{
  "object": {
    "pins": [
      {
        "package": "OktaAuth",
        "repositoryURL": "https://github.com/SpencerCurtis/OktaAuth.git",
        "state": {
          "branch": null,
          "revision": "cd285574c3ab04a62dd4e43a0a15cd6e8985b635",
          "version": "1.0.0"
        }
      }
    ]
  },
  "version": 1
}
